
Microsoft Visual Studio Solution File, Format Version 12.00
# Visual Studio Version 16
VisualStudioVersion = 16.0.30611.23
MinimumVisualStudioVersion = 10.0.40219.1
Project("{FAE04EC0-301F-11D3-BF4B-00C04F79EFBC}") = "ind2", "ind2\ind2.csproj", "{DD598AC8-9FEE-442E-AFB3-1445F9BBBDD8}"
EndProject
Global
	GlobalSection(SolutionConfigurationPlatforms) = preSolution
		Debug|Any CPU = Debug|Any CPU
		Release|Any CPU = Release|Any CPU
	EndGlobalSection
	GlobalSection(ProjectConfigurationPlatforms) = postSolution
		{DD598AC8-9FEE-442E-AFB3-1445F9BBBDD8}.Debug|Any CPU.ActiveCfg = Debug|Any CPU
		{DD598AC8-9FEE-442E-AFB3-1445F9BBBDD8}.Debug|Any CPU.Build.0 = Debug|Any CPU
		{DD598AC8-9FEE-442E-AFB3-1445F9BBBDD8}.Release|Any CPU.ActiveCfg = Release|Any CPU
		{DD598AC8-9FEE-442E-AFB3-1445F9BBBDD8}.Release|Any CPU.Build.0 = Release|Any CPU
	EndGlobalSection
	GlobalSection(SolutionProperties) = preSolution
		HideSolutionNode = FALSE
	EndGlobalSection
	GlobalSection(ExtensibilityGlobals) = postSolution
		SolutionGuid = {96C5C42E-80EC-42FE-B001-D4D3E4FA1EFA}
	EndGlobalSection
EndGlobal
